// !$*UTF8*$!
{
	archiveVersion = 1;
	classes = {
	};
	objectVersion = 46;
	objects = {

/* Begin PBXBuildFile section */
		DC5401901A81B9A500522C43 /* ActivityController.swift in Sources */ = {isa = PBXBuildFile; fileRef = DC54018F1A81B9A500522C43 /* ActivityController.swift */; };
		DC5401921A81D4DE00522C43 /* ActivityAPI.swift in Sources */ = {isa = PBXBuildFile; fileRef = DC5401911A81D4DE00522C43 /* ActivityAPI.swift */; };
		DC65C79C1A99ABBD0065FE1A /* ActivityCell.swift in Sources */ = {isa = PBXBuildFile; fileRef = DC65C79B1A99ABBD0065FE1A /* ActivityCell.swift */; };
		DC7F4EF81A182F040070D7E5 /* AppDelegate.swift in Sources */ = {isa = PBXBuildFile; fileRef = DC7F4EF71A182F040070D7E5 /* AppDelegate.swift */; };
		DC7F4EFA1A182F040070D7E5 /* ViewController.swift in Sources */ = {isa = PBXBuildFile; fileRef = DC7F4EF91A182F040070D7E5 /* ViewController.swift */; };
		DC7F4EFF1A182F040070D7E5 /* Images.xcassets in Resources */ = {isa = PBXBuildFile; fileRef = DC7F4EFE1A182F040070D7E5 /* Images.xcassets */; };
		DC7F4F021A182F040070D7E5 /* LaunchScreen.xib in Resources */ = {isa = PBXBuildFile; fileRef = DC7F4F001A182F040070D7E5 /* LaunchScreen.xib */; };
		DC7F4F0E1A182F040070D7E5 /* FitFriendsTests.swift in Sources */ = {isa = PBXBuildFile; fileRef = DC7F4F0D1A182F040070D7E5 /* FitFriendsTests.swift */; };
		DC7F4F1B1A1830460070D7E5 /* Bolts.framework in Frameworks */ = {isa = PBXBuildFile; fileRef = DC7F4F171A1830460070D7E5 /* Bolts.framework */; };
		DC7F4F1C1A1830460070D7E5 /* Parse.framework in Frameworks */ = {isa = PBXBuildFile; fileRef = DC7F4F181A1830460070D7E5 /* Parse.framework */; };
		DC7F4F1D1A1830460070D7E5 /* ParseFacebookUtils.framework in Frameworks */ = {isa = PBXBuildFile; fileRef = DC7F4F191A1830460070D7E5 /* ParseFacebookUtils.framework */; };
		DC7F4F1E1A1830460070D7E5 /* ParseUI.framework in Frameworks */ = {isa = PBXBuildFile; fileRef = DC7F4F1A1A1830460070D7E5 /* ParseUI.framework */; };
		DC7F4F211A1831110070D7E5 /* AudioToolbox.framework in Frameworks */ = {isa = PBXBuildFile; fileRef = DC7F4F1F1A1831110070D7E5 /* AudioToolbox.framework */; };
		DC7F4F221A1831110070D7E5 /* CFNetwork.framework in Frameworks */ = {isa = PBXBuildFile; fileRef = DC7F4F201A1831110070D7E5 /* CFNetwork.framework */; };
		DC7F4F251A1831300070D7E5 /* CoreGraphics.framework in Frameworks */ = {isa = PBXBuildFile; fileRef = DC7F4F231A1831300070D7E5 /* CoreGraphics.framework */; };
		DC7F4F261A1831300070D7E5 /* CoreLocation.framework in Frameworks */ = {isa = PBXBuildFile; fileRef = DC7F4F241A1831300070D7E5 /* CoreLocation.framework */; };
		DC7F4F281A1831740070D7E5 /* libz.dylib in Frameworks */ = {isa = PBXBuildFile; fileRef = DC7F4F271A1831740070D7E5 /* libz.dylib */; };
		DC7F4F2E1A1831A10070D7E5 /* MobileCoreServices.framework in Frameworks */ = {isa = PBXBuildFile; fileRef = DC7F4F291A1831A10070D7E5 /* MobileCoreServices.framework */; };
		DC7F4F2F1A1831A10070D7E5 /* QuartzCore.framework in Frameworks */ = {isa = PBXBuildFile; fileRef = DC7F4F2A1A1831A10070D7E5 /* QuartzCore.framework */; };
		DC7F4F301A1831A10070D7E5 /* Security.framework in Frameworks */ = {isa = PBXBuildFile; fileRef = DC7F4F2B1A1831A10070D7E5 /* Security.framework */; };
		DC7F4F311A1831A10070D7E5 /* StoreKit.framework in Frameworks */ = {isa = PBXBuildFile; fileRef = DC7F4F2C1A1831A10070D7E5 /* StoreKit.framework */; };
		DC7F4F321A1831A10070D7E5 /* SystemConfiguration.framework in Frameworks */ = {isa = PBXBuildFile; fileRef = DC7F4F2D1A1831A10070D7E5 /* SystemConfiguration.framework */; };
		DC7F4F361A18327C0070D7E5 /* FitFriends.m in Sources */ = {isa = PBXBuildFile; fileRef = DC7F4F351A18327C0070D7E5 /* FitFriends.m */; };
		DC7F4F381A1982660070D7E5 /* Social.framework in Frameworks */ = {isa = PBXBuildFile; fileRef = DC7F4F371A1982660070D7E5 /* Social.framework */; };
		DC7F4F3A1A19826E0070D7E5 /* Accounts.framework in Frameworks */ = {isa = PBXBuildFile; fileRef = DC7F4F391A19826E0070D7E5 /* Accounts.framework */; };
		DC7F4F3C1A19B6720070D7E5 /* DashboardViewController.swift in Sources */ = {isa = PBXBuildFile; fileRef = DC7F4F3B1A19B6720070D7E5 /* DashboardViewController.swift */; };
		DC93E2541A8C42C200E535FC /* SwiftyJSON.swift in Sources */ = {isa = PBXBuildFile; fileRef = DC93E2531A8C42C200E535FC /* SwiftyJSON.swift */; };
		DC93E2561A8C458C00E535FC /* Activity.swift in Sources */ = {isa = PBXBuildFile; fileRef = DC93E2551A8C458C00E535FC /* Activity.swift */; };
		DC9840201A49E82C00DD40AB /* 150x150.gif in Resources */ = {isa = PBXBuildFile; fileRef = DC98401F1A49E82C00DD40AB /* 150x150.gif */; };
		DCB9EEAC1AA22A2800C5B51A /* ActivitySearchResults.swift in Sources */ = {isa = PBXBuildFile; fileRef = DCB9EEAB1AA22A2800C5B51A /* ActivitySearchResults.swift */; };
		DCB9EEAE1AA3FF6800C5B51A /* ActivityControllerExtensions.swift in Sources */ = {isa = PBXBuildFile; fileRef = DCB9EEAD1AA3FF6800C5B51A /* ActivityControllerExtensions.swift */; };
		DCB9EEB01AA4BE7000C5B51A /* LocationViewExtensions.swift in Sources */ = {isa = PBXBuildFile; fileRef = DCB9EEAF1AA4BE7000C5B51A /* LocationViewExtensions.swift */; };
		DCC3DB4A1A9B7D5000343E2B /* LocationViewController.swift in Sources */ = {isa = PBXBuildFile; fileRef = DCC3DB491A9B7D5000343E2B /* LocationViewController.swift */; };
		DCC3DB4C1A9B801A00343E2B /* MapKit.framework in Frameworks */ = {isa = PBXBuildFile; fileRef = DCC3DB4B1A9B801A00343E2B /* MapKit.framework */; };
		DCC3DB4F1A9BD2A100343E2B /* Main.storyboard in Resources */ = {isa = PBXBuildFile; fileRef = DCC3DB4D1A9BD2A100343E2B /* Main.storyboard */; };
/* End PBXBuildFile section */

/* Begin PBXContainerItemProxy section */
		DC7F4F081A182F040070D7E5 /* PBXContainerItemProxy */ = {
			isa = PBXContainerItemProxy;
			containerPortal = DC7F4EEA1A182F040070D7E5 /* Project object */;
			proxyType = 1;
			remoteGlobalIDString = DC7F4EF11A182F040070D7E5;
			remoteInfo = FitFriends;
		};
/* End PBXContainerItemProxy section */

/* Begin PBXFileReference section */
		DC54018F1A81B9A500522C43 /* ActivityController.swift */ = {isa = PBXFileReference; fileEncoding = 4; lastKnownFileType = sourcecode.swift; path = ActivityController.swift; sourceTree = "<group>"; };
		DC5401911A81D4DE00522C43 /* ActivityAPI.swift */ = {isa = PBXFileReference; fileEncoding = 4; lastKnownFileType = sourcecode.swift; path = ActivityAPI.swift; sourceTree = "<group>"; };
		DC65C79B1A99ABBD0065FE1A /* ActivityCell.swift */ = {isa = PBXFileReference; fileEncoding = 4; lastKnownFileType = sourcecode.swift; path = ActivityCell.swift; sourceTree = "<group>"; };
		DC7F4EF21A182F040070D7E5 /* FitFriends.app */ = {isa = PBXFileReference; explicitFileType = wrapper.application; includeInIndex = 0; path = FitFriends.app; sourceTree = BUILT_PRODUCTS_DIR; };
		DC7F4EF61A182F040070D7E5 /* Info.plist */ = {isa = PBXFileReference; lastKnownFileType = text.plist.xml; path = Info.plist; sourceTree = "<group>"; };
		DC7F4EF71A182F040070D7E5 /* AppDelegate.swift */ = {isa = PBXFileReference; lastKnownFileType = sourcecode.swift; path = AppDelegate.swift; sourceTree = "<group>"; };
		DC7F4EF91A182F040070D7E5 /* ViewController.swift */ = {isa = PBXFileReference; lastKnownFileType = sourcecode.swift; path = ViewController.swift; sourceTree = "<group>"; };
		DC7F4EFE1A182F040070D7E5 /* Images.xcassets */ = {isa = PBXFileReference; lastKnownFileType = folder.assetcatalog; path = Images.xcassets; sourceTree = "<group>"; };
		DC7F4F011A182F040070D7E5 /* Base */ = {isa = PBXFileReference; lastKnownFileType = file.xib; name = Base; path = Base.lproj/LaunchScreen.xib; sourceTree = "<group>"; };
		DC7F4F071A182F040070D7E5 /* FitFriendsTests.xctest */ = {isa = PBXFileReference; explicitFileType = wrapper.cfbundle; includeInIndex = 0; path = FitFriendsTests.xctest; sourceTree = BUILT_PRODUCTS_DIR; };
		DC7F4F0C1A182F040070D7E5 /* Info.plist */ = {isa = PBXFileReference; lastKnownFileType = text.plist.xml; path = Info.plist; sourceTree = "<group>"; };
		DC7F4F0D1A182F040070D7E5 /* FitFriendsTests.swift */ = {isa = PBXFileReference; lastKnownFileType = sourcecode.swift; path = FitFriendsTests.swift; sourceTree = "<group>"; };
		DC7F4F171A1830460070D7E5 /* Bolts.framework */ = {isa = PBXFileReference; lastKnownFileType = wrapper.framework; path = Bolts.framework; sourceTree = "<group>"; };
		DC7F4F181A1830460070D7E5 /* Parse.framework */ = {isa = PBXFileReference; lastKnownFileType = wrapper.framework; path = Parse.framework; sourceTree = "<group>"; };
		DC7F4F191A1830460070D7E5 /* ParseFacebookUtils.framework */ = {isa = PBXFileReference; lastKnownFileType = wrapper.framework; path = ParseFacebookUtils.framework; sourceTree = "<group>"; };
		DC7F4F1A1A1830460070D7E5 /* ParseUI.framework */ = {isa = PBXFileReference; lastKnownFileType = wrapper.framework; path = ParseUI.framework; sourceTree = "<group>"; };
		DC7F4F1F1A1831110070D7E5 /* AudioToolbox.framework */ = {isa = PBXFileReference; lastKnownFileType = wrapper.framework; name = AudioToolbox.framework; path = System/Library/Frameworks/AudioToolbox.framework; sourceTree = SDKROOT; };
		DC7F4F201A1831110070D7E5 /* CFNetwork.framework */ = {isa = PBXFileReference; lastKnownFileType = wrapper.framework; name = CFNetwork.framework; path = System/Library/Frameworks/CFNetwork.framework; sourceTree = SDKROOT; };
		DC7F4F231A1831300070D7E5 /* CoreGraphics.framework */ = {isa = PBXFileReference; lastKnownFileType = wrapper.framework; name = CoreGraphics.framework; path = System/Library/Frameworks/CoreGraphics.framework; sourceTree = SDKROOT; };
		DC7F4F241A1831300070D7E5 /* CoreLocation.framework */ = {isa = PBXFileReference; lastKnownFileType = wrapper.framework; name = CoreLocation.framework; path = System/Library/Frameworks/CoreLocation.framework; sourceTree = SDKROOT; };
		DC7F4F271A1831740070D7E5 /* libz.dylib */ = {isa = PBXFileReference; lastKnownFileType = "compiled.mach-o.dylib"; name = libz.dylib; path = usr/lib/libz.dylib; sourceTree = SDKROOT; };
		DC7F4F291A1831A10070D7E5 /* MobileCoreServices.framework */ = {isa = PBXFileReference; lastKnownFileType = wrapper.framework; name = MobileCoreServices.framework; path = System/Library/Frameworks/MobileCoreServices.framework; sourceTree = SDKROOT; };
		DC7F4F2A1A1831A10070D7E5 /* QuartzCore.framework */ = {isa = PBXFileReference; lastKnownFileType = wrapper.framework; name = QuartzCore.framework; path = System/Library/Frameworks/QuartzCore.framework; sourceTree = SDKROOT; };
		DC7F4F2B1A1831A10070D7E5 /* Security.framework */ = {isa = PBXFileReference; lastKnownFileType = wrapper.framework; name = Security.framework; path = System/Library/Frameworks/Security.framework; sourceTree = SDKROOT; };
		DC7F4F2C1A1831A10070D7E5 /* StoreKit.framework */ = {isa = PBXFileReference; lastKnownFileType = wrapper.framework; name = StoreKit.framework; path = System/Library/Frameworks/StoreKit.framework; sourceTree = SDKROOT; };
		DC7F4F2D1A1831A10070D7E5 /* SystemConfiguration.framework */ = {isa = PBXFileReference; lastKnownFileType = wrapper.framework; name = SystemConfiguration.framework; path = System/Library/Frameworks/SystemConfiguration.framework; sourceTree = SDKROOT; };
		DC7F4F341A18327C0070D7E5 /* FitFriends-Bridging-Header.h */ = {isa = PBXFileReference; lastKnownFileType = sourcecode.c.h; path = "FitFriends-Bridging-Header.h"; sourceTree = "<group>"; };
		DC7F4F351A18327C0070D7E5 /* FitFriends.m */ = {isa = PBXFileReference; fileEncoding = 4; lastKnownFileType = sourcecode.c.objc; path = FitFriends.m; sourceTree = "<group>"; };
		DC7F4F371A1982660070D7E5 /* Social.framework */ = {isa = PBXFileReference; lastKnownFileType = wrapper.framework; name = Social.framework; path = System/Library/Frameworks/Social.framework; sourceTree = SDKROOT; };
		DC7F4F391A19826E0070D7E5 /* Accounts.framework */ = {isa = PBXFileReference; lastKnownFileType = wrapper.framework; name = Accounts.framework; path = System/Library/Frameworks/Accounts.framework; sourceTree = SDKROOT; };
		DC7F4F3B1A19B6720070D7E5 /* DashboardViewController.swift */ = {isa = PBXFileReference; fileEncoding = 4; lastKnownFileType = sourcecode.swift; path = DashboardViewController.swift; sourceTree = "<group>"; };
		DC93E2531A8C42C200E535FC /* SwiftyJSON.swift */ = {isa = PBXFileReference; fileEncoding = 4; lastKnownFileType = sourcecode.swift; path = SwiftyJSON.swift; sourceTree = "<group>"; };
		DC93E2551A8C458C00E535FC /* Activity.swift */ = {isa = PBXFileReference; fileEncoding = 4; lastKnownFileType = sourcecode.swift; path = Activity.swift; sourceTree = "<group>"; };
		DC98401F1A49E82C00DD40AB /* 150x150.gif */ = {isa = PBXFileReference; lastKnownFileType = image.gif; path = 150x150.gif; sourceTree = "<group>"; };
		DCB9EEAB1AA22A2800C5B51A /* ActivitySearchResults.swift */ = {isa = PBXFileReference; fileEncoding = 4; lastKnownFileType = sourcecode.swift; path = ActivitySearchResults.swift; sourceTree = "<group>"; };
		DCB9EEAD1AA3FF6800C5B51A /* ActivityControllerExtensions.swift */ = {isa = PBXFileReference; fileEncoding = 4; lastKnownFileType = sourcecode.swift; path = ActivityControllerExtensions.swift; sourceTree = "<group>"; };
		DCB9EEAF1AA4BE7000C5B51A /* LocationViewExtensions.swift */ = {isa = PBXFileReference; fileEncoding = 4; lastKnownFileType = sourcecode.swift; path = LocationViewExtensions.swift; sourceTree = "<group>"; };
		DCC3DB491A9B7D5000343E2B /* LocationViewController.swift */ = {isa = PBXFileReference; fileEncoding = 4; lastKnownFileType = sourcecode.swift; path = LocationViewController.swift; sourceTree = "<group>"; };
		DCC3DB4B1A9B801A00343E2B /* MapKit.framework */ = {isa = PBXFileReference; lastKnownFileType = wrapper.framework; name = MapKit.framework; path = System/Library/Frameworks/MapKit.framework; sourceTree = SDKROOT; };
		DCC3DB4E1A9BD2A100343E2B /* Base */ = {isa = PBXFileReference; lastKnownFileType = file.storyboard; name = Base; path = Base.lproj/Main.storyboard; sourceTree = "<group>"; };
/* End PBXFileReference section */

/* Begin PBXFrameworksBuildPhase section */
		DC7F4EEF1A182F040070D7E5 /* Frameworks */ = {
			isa = PBXFrameworksBuildPhase;
			buildActionMask = 2147483647;
			files = (
				DC7F4F3A1A19826E0070D7E5 /* Accounts.framework in Frameworks */,
				DC7F4F381A1982660070D7E5 /* Social.framework in Frameworks */,
				DC7F4F2E1A1831A10070D7E5 /* MobileCoreServices.framework in Frameworks */,
				DC7F4F2F1A1831A10070D7E5 /* QuartzCore.framework in Frameworks */,
				DC7F4F301A1831A10070D7E5 /* Security.framework in Frameworks */,
				DC7F4F311A1831A10070D7E5 /* StoreKit.framework in Frameworks */,
				DC7F4F321A1831A10070D7E5 /* SystemConfiguration.framework in Frameworks */,
				DC7F4F281A1831740070D7E5 /* libz.dylib in Frameworks */,
				DC7F4F251A1831300070D7E5 /* CoreGraphics.framework in Frameworks */,
				DCC3DB4C1A9B801A00343E2B /* MapKit.framework in Frameworks */,
				DC7F4F261A1831300070D7E5 /* CoreLocation.framework in Frameworks */,
				DC7F4F211A1831110070D7E5 /* AudioToolbox.framework in Frameworks */,
				DC7F4F221A1831110070D7E5 /* CFNetwork.framework in Frameworks */,
				DC7F4F1B1A1830460070D7E5 /* Bolts.framework in Frameworks */,
				DC7F4F1C1A1830460070D7E5 /* Parse.framework in Frameworks */,
				DC7F4F1D1A1830460070D7E5 /* ParseFacebookUtils.framework in Frameworks */,
				DC7F4F1E1A1830460070D7E5 /* ParseUI.framework in Frameworks */,
			);
			runOnlyForDeploymentPostprocessing = 0;
		};
		DC7F4F041A182F040070D7E5 /* Frameworks */ = {
			isa = PBXFrameworksBuildPhase;
			buildActionMask = 2147483647;
			files = (
			);
			runOnlyForDeploymentPostprocessing = 0;
		};
/* End PBXFrameworksBuildPhase section */

/* Begin PBXGroup section */
		DC7F4EE91A182F040070D7E5 = {
			isa = PBXGroup;
			children = (
				DCC3DB4B1A9B801A00343E2B /* MapKit.framework */,
				DC98401E1A49E82C00DD40AB /* Images */,
				DC7F4F391A19826E0070D7E5 /* Accounts.framework */,
				DC7F4F371A1982660070D7E5 /* Social.framework */,
				DC7F4F291A1831A10070D7E5 /* MobileCoreServices.framework */,
				DC7F4F2A1A1831A10070D7E5 /* QuartzCore.framework */,
				DC7F4F2B1A1831A10070D7E5 /* Security.framework */,
				DC7F4F2C1A1831A10070D7E5 /* StoreKit.framework */,
				DC7F4F2D1A1831A10070D7E5 /* SystemConfiguration.framework */,
				DC7F4F271A1831740070D7E5 /* libz.dylib */,
				DC7F4F231A1831300070D7E5 /* CoreGraphics.framework */,
				DC7F4F241A1831300070D7E5 /* CoreLocation.framework */,
				DC7F4F1F1A1831110070D7E5 /* AudioToolbox.framework */,
				DC7F4F201A1831110070D7E5 /* CFNetwork.framework */,
				DC7F4F171A1830460070D7E5 /* Bolts.framework */,
				DC7F4F181A1830460070D7E5 /* Parse.framework */,
				DC7F4F191A1830460070D7E5 /* ParseFacebookUtils.framework */,
				DC7F4F1A1A1830460070D7E5 /* ParseUI.framework */,
				DC7F4EF41A182F040070D7E5 /* FitFriends */,
				DC7F4F0A1A182F040070D7E5 /* FitFriendsTests */,
				DC7F4EF31A182F040070D7E5 /* Products */,
			);
			sourceTree = "<group>";
		};
		DC7F4EF31A182F040070D7E5 /* Products */ = {
			isa = PBXGroup;
			children = (
				DC7F4EF21A182F040070D7E5 /* FitFriends.app */,
				DC7F4F071A182F040070D7E5 /* FitFriendsTests.xctest */,
			);
			name = Products;
			sourceTree = "<group>";
		};
		DC7F4EF41A182F040070D7E5 /* FitFriends */ = {
			isa = PBXGroup;
			children = (
				DCC3DB4D1A9BD2A100343E2B /* Main.storyboard */,
				DC93E2531A8C42C200E535FC /* SwiftyJSON.swift */,
				DC7F4EF71A182F040070D7E5 /* AppDelegate.swift */,
				DC7F4EF91A182F040070D7E5 /* ViewController.swift */,
				DC7F4EFE1A182F040070D7E5 /* Images.xcassets */,
				DC7F4F001A182F040070D7E5 /* LaunchScreen.xib */,
				DC7F4EF51A182F040070D7E5 /* Supporting Files */,
				DC7F4F351A18327C0070D7E5 /* FitFriends.m */,
				DC7F4F341A18327C0070D7E5 /* FitFriends-Bridging-Header.h */,
				DC7F4F3B1A19B6720070D7E5 /* DashboardViewController.swift */,
				DC54018F1A81B9A500522C43 /* ActivityController.swift */,
				DCB9EEAD1AA3FF6800C5B51A /* ActivityControllerExtensions.swift */,
				DC5401911A81D4DE00522C43 /* ActivityAPI.swift */,
				DC93E2551A8C458C00E535FC /* Activity.swift */,
				DC65C79B1A99ABBD0065FE1A /* ActivityCell.swift */,
				DCC3DB491A9B7D5000343E2B /* LocationViewController.swift */,
				DCB9EEAF1AA4BE7000C5B51A /* LocationViewExtensions.swift */,
				DCB9EEAB1AA22A2800C5B51A /* ActivitySearchResults.swift */,
			);
			path = FitFriends;
			sourceTree = "<group>";
		};
		DC7F4EF51A182F040070D7E5 /* Supporting Files */ = {
			isa = PBXGroup;
			children = (
				DC7F4EF61A182F040070D7E5 /* Info.plist */,
			);
			name = "Supporting Files";
			sourceTree = "<group>";
		};
		DC7F4F0A1A182F040070D7E5 /* FitFriendsTests */ = {
			isa = PBXGroup;
			children = (
				DC7F4F0D1A182F040070D7E5 /* FitFriendsTests.swift */,
				DC7F4F0B1A182F040070D7E5 /* Supporting Files */,
			);
			path = FitFriendsTests;
			sourceTree = "<group>";
		};
		DC7F4F0B1A182F040070D7E5 /* Supporting Files */ = {
			isa = PBXGroup;
			children = (
				DC7F4F0C1A182F040070D7E5 /* Info.plist */,
			);
			name = "Supporting Files";
			sourceTree = "<group>";
		};
		DC98401E1A49E82C00DD40AB /* Images */ = {
			isa = PBXGroup;
			children = (
				DC98401F1A49E82C00DD40AB /* 150x150.gif */,
			);
			path = Images;
			sourceTree = "<group>";
		};
/* End PBXGroup section */

/* Begin PBXNativeTarget section */
		DC7F4EF11A182F040070D7E5 /* FitFriends */ = {
			isa = PBXNativeTarget;
			buildConfigurationList = DC7F4F111A182F040070D7E5 /* Build configuration list for PBXNativeTarget "FitFriends" */;
			buildPhases = (
				DC7F4EEE1A182F040070D7E5 /* Sources */,
				DC7F4EEF1A182F040070D7E5 /* Frameworks */,
				DC7F4EF01A182F040070D7E5 /* Resources */,
			);
			buildRules = (
			);
			dependencies = (
			);
			name = FitFriends;
			productName = FitFriends;
			productReference = DC7F4EF21A182F040070D7E5 /* FitFriends.app */;
			productType = "com.apple.product-type.application";
		};
		DC7F4F061A182F040070D7E5 /* FitFriendsTests */ = {
			isa = PBXNativeTarget;
			buildConfigurationList = DC7F4F141A182F040070D7E5 /* Build configuration list for PBXNativeTarget "FitFriendsTests" */;
			buildPhases = (
				DC7F4F031A182F040070D7E5 /* Sources */,
				DC7F4F041A182F040070D7E5 /* Frameworks */,
				DC7F4F051A182F040070D7E5 /* Resources */,
			);
			buildRules = (
			);
			dependencies = (
				DC7F4F091A182F040070D7E5 /* PBXTargetDependency */,
			);
			name = FitFriendsTests;
			productName = FitFriendsTests;
			productReference = DC7F4F071A182F040070D7E5 /* FitFriendsTests.xctest */;
			productType = "com.apple.product-type.bundle.unit-test";
		};
/* End PBXNativeTarget section */

/* Begin PBXProject section */
		DC7F4EEA1A182F040070D7E5 /* Project object */ = {
			isa = PBXProject;
			attributes = {
				LastUpgradeCheck = 0600;
				ORGANIZATIONNAME = "Straight Arrow Studios";
				TargetAttributes = {
					DC7F4EF11A182F040070D7E5 = {
						CreatedOnToolsVersion = 6.0.1;
						SystemCapabilities = {
							com.apple.Maps.iOS = {
								enabled = 1;
							};
						};
					};
					DC7F4F061A182F040070D7E5 = {
						CreatedOnToolsVersion = 6.0.1;
						TestTargetID = DC7F4EF11A182F040070D7E5;
					};
				};
			};
			buildConfigurationList = DC7F4EED1A182F040070D7E5 /* Build configuration list for PBXProject "FitFriends" */;
			compatibilityVersion = "Xcode 3.2";
			developmentRegion = English;
			hasScannedForEncodings = 0;
			knownRegions = (
				en,
				Base,
			);
			mainGroup = DC7F4EE91A182F040070D7E5;
			productRefGroup = DC7F4EF31A182F040070D7E5 /* Products */;
			projectDirPath = "";
			projectRoot = "";
			targets = (
				DC7F4EF11A182F040070D7E5 /* FitFriends */,
				DC7F4F061A182F040070D7E5 /* FitFriendsTests */,
			);
		};
/* End PBXProject section */

/* Begin PBXResourcesBuildPhase section */
		DC7F4EF01A182F040070D7E5 /* Resources */ = {
			isa = PBXResourcesBuildPhase;
			buildActionMask = 2147483647;
			files = (
				DC7F4F021A182F040070D7E5 /* LaunchScreen.xib in Resources */,
				DC7F4EFF1A182F040070D7E5 /* Images.xcassets in Resources */,
				DC9840201A49E82C00DD40AB /* 150x150.gif in Resources */,
				DCC3DB4F1A9BD2A100343E2B /* Main.storyboard in Resources */,
			);
			runOnlyForDeploymentPostprocessing = 0;
		};
		DC7F4F051A182F040070D7E5 /* Resources */ = {
			isa = PBXResourcesBuildPhase;
			buildActionMask = 2147483647;
			files = (
			);
			runOnlyForDeploymentPostprocessing = 0;
		};
/* End PBXResourcesBuildPhase section */

/* Begin PBXSourcesBuildPhase section */
		DC7F4EEE1A182F040070D7E5 /* Sources */ = {
			isa = PBXSourcesBuildPhase;
			buildActionMask = 2147483647;
			files = (
				DCB9EEAE1AA3FF6800C5B51A /* ActivityControllerExtensions.swift in Sources */,
				DC7F4EFA1A182F040070D7E5 /* ViewController.swift in Sources */,
				DC5401921A81D4DE00522C43 /* ActivityAPI.swift in Sources */,
				DC7F4F361A18327C0070D7E5 /* FitFriends.m in Sources */,
				DC7F4EF81A182F040070D7E5 /* AppDelegate.swift in Sources */,
				DC65C79C1A99ABBD0065FE1A /* ActivityCell.swift in Sources */,
				DCC3DB4A1A9B7D5000343E2B /* LocationViewController.swift in Sources */,
				DC5401901A81B9A500522C43 /* ActivityController.swift in Sources */,
				DC93E2541A8C42C200E535FC /* SwiftyJSON.swift in Sources */,
				DC93E2561A8C458C00E535FC /* Activity.swift in Sources */,
				DC7F4F3C1A19B6720070D7E5 /* DashboardViewController.swift in Sources */,
				DCB9EEAC1AA22A2800C5B51A /* ActivitySearchResults.swift in Sources */,
				DCB9EEB01AA4BE7000C5B51A /* LocationViewExtensions.swift in Sources */,
			);
			runOnlyForDeploymentPostprocessing = 0;
		};
		DC7F4F031A182F040070D7E5 /* Sources */ = {
			isa = PBXSourcesBuildPhase;
			buildActionMask = 2147483647;
			files = (
				DC7F4F0E1A182F040070D7E5 /* FitFriendsTests.swift in Sources */,
			);
			runOnlyForDeploymentPostprocessing = 0;
		};
/* End PBXSourcesBuildPhase section */

/* Begin PBXTargetDependency section */
		DC7F4F091A182F040070D7E5 /* PBXTargetDependency */ = {
			isa = PBXTargetDependency;
			target = DC7F4EF11A182F040070D7E5 /* FitFriends */;
			targetProxy = DC7F4F081A182F040070D7E5 /* PBXContainerItemProxy */;
		};
/* End PBXTargetDependency section */

/* Begin PBXVariantGroup section */
		DC7F4F001A182F040070D7E5 /* LaunchScreen.xib */ = {
			isa = PBXVariantGroup;
			children = (
				DC7F4F011A182F040070D7E5 /* Base */,
			);
			name = LaunchScreen.xib;
			sourceTree = "<group>";
		};
		DCC3DB4D1A9BD2A100343E2B /* Main.storyboard */ = {
			isa = PBXVariantGroup;
			children = (
				DCC3DB4E1A9BD2A100343E2B /* Base */,
			);
			name = Main.storyboard;
			sourceTree = "<group>";
		};
/* End PBXVariantGroup section */

/* Begin XCBuildConfiguration section */
		DC7F4F0F1A182F040070D7E5 /* Debug */ = {
			isa = XCBuildConfiguration;
			buildSettings = {
				ALWAYS_SEARCH_USER_PATHS = NO;
				CLANG_CXX_LANGUAGE_STANDARD = "gnu++0x";
				CLANG_CXX_LIBRARY = "libc++";
				CLANG_ENABLE_MODULES = YES;
				CLANG_ENABLE_OBJC_ARC = YES;
				CLANG_WARN_BOOL_CONVERSION = YES;
				CLANG_WARN_CONSTANT_CONVERSION = YES;
				CLANG_WARN_DIRECT_OBJC_ISA_USAGE = YES_ERROR;
				CLANG_WARN_EMPTY_BODY = YES;
				CLANG_WARN_ENUM_CONVERSION = YES;
				CLANG_WARN_INT_CONVERSION = YES;
				CLANG_WARN_OBJC_ROOT_CLASS = YES_ERROR;
				CLANG_WARN_UNREACHABLE_CODE = YES;
				CLANG_WARN__DUPLICATE_METHOD_MATCH = YES;
				"CODE_SIGN_IDENTITY[sdk=iphoneos*]" = "iPhone Developer";
				COPY_PHASE_STRIP = NO;
				ENABLE_STRICT_OBJC_MSGSEND = YES;
				GCC_C_LANGUAGE_STANDARD = gnu99;
				GCC_DYNAMIC_NO_PIC = NO;
				GCC_OPTIMIZATION_LEVEL = 0;
				GCC_PREPROCESSOR_DEFINITIONS = (
					"DEBUG=1",
					"$(inherited)",
				);
				GCC_SYMBOLS_PRIVATE_EXTERN = NO;
				GCC_WARN_64_TO_32_BIT_CONVERSION = YES;
				GCC_WARN_ABOUT_RETURN_TYPE = YES_ERROR;
				GCC_WARN_UNDECLARED_SELECTOR = YES;
				GCC_WARN_UNINITIALIZED_AUTOS = YES_AGGRESSIVE;
				GCC_WARN_UNUSED_FUNCTION = YES;
				GCC_WARN_UNUSED_VARIABLE = YES;
				IPHONEOS_DEPLOYMENT_TARGET = 8.0;
				MTL_ENABLE_DEBUG_INFO = YES;
				ONLY_ACTIVE_ARCH = YES;
				SDKROOT = iphoneos;
				SWIFT_OPTIMIZATION_LEVEL = "-Onone";
				TARGETED_DEVICE_FAMILY = "1,2";
			};
			name = Debug;
		};
		DC7F4F101A182F040070D7E5 /* Release */ = {
			isa = XCBuildConfiguration;
			buildSettings = {
				ALWAYS_SEARCH_USER_PATHS = NO;
				CLANG_CXX_LANGUAGE_STANDARD = "gnu++0x";
				CLANG_CXX_LIBRARY = "libc++";
				CLANG_ENABLE_MODULES = YES;
				CLANG_ENABLE_OBJC_ARC = YES;
				CLANG_WARN_BOOL_CONVERSION = YES;
				CLANG_WARN_CONSTANT_CONVERSION = YES;
				CLANG_WARN_DIRECT_OBJC_ISA_USAGE = YES_ERROR;
				CLANG_WARN_EMPTY_BODY = YES;
				CLANG_WARN_ENUM_CONVERSION = YES;
				CLANG_WARN_INT_CONVERSION = YES;
				CLANG_WARN_OBJC_ROOT_CLASS = YES_ERROR;
				CLANG_WARN_UNREACHABLE_CODE = YES;
				CLANG_WARN__DUPLICATE_METHOD_MATCH = YES;
				"CODE_SIGN_IDENTITY[sdk=iphoneos*]" = "iPhone Developer";
				COPY_PHASE_STRIP = YES;
				ENABLE_NS_ASSERTIONS = NO;
				ENABLE_STRICT_OBJC_MSGSEND = YES;
				GCC_C_LANGUAGE_STANDARD = gnu99;
				GCC_WARN_64_TO_32_BIT_CONVERSION = YES;
				GCC_WARN_ABOUT_RETURN_TYPE = YES_ERROR;
				GCC_WARN_UNDECLARED_SELECTOR = YES;
				GCC_WARN_UNINITIALIZED_AUTOS = YES_AGGRESSIVE;
				GCC_WARN_UNUSED_FUNCTION = YES;
				GCC_WARN_UNUSED_VARIABLE = YES;
				IPHONEOS_DEPLOYMENT_TARGET = 8.0;
				MTL_ENABLE_DEBUG_INFO = NO;
				SDKROOT = iphoneos;
				TARGETED_DEVICE_FAMILY = "1,2";
				VALIDATE_PRODUCT = YES;
			};
			name = Release;
		};
		DC7F4F121A182F040070D7E5 /* Debug */ = {
			isa = XCBuildConfiguration;
			buildSettings = {
				ARCHS = "$(ARCHS_STANDARD_32_BIT)";
				ASSETCATALOG_COMPILER_APPICON_NAME = AppIcon;
				CLANG_ENABLE_MODULES = YES;
				FRAMEWORK_SEARCH_PATHS = (
					"$(inherited)",
					"$(PROJECT_DIR)",
				);
				INFOPLIST_FILE = FitFriends/Info.plist;
				LD_RUNPATH_SEARCH_PATHS = "$(inherited) @executable_path/Frameworks";
				PRODUCT_NAME = "$(TARGET_NAME)";
				SWIFT_OBJC_BRIDGING_HEADER = "FitFriends/FitFriends-Bridging-Header.h";
				SWIFT_OPTIMIZATION_LEVEL = "-Onone";
			};
			name = Debug;
		};
		DC7F4F131A182F040070D7E5 /* Release */ = {
			isa = XCBuildConfiguration;
			buildSettings = {
				ARCHS = "$(ARCHS_STANDARD_32_BIT)";
				ASSETCATALOG_COMPILER_APPICON_NAME = AppIcon;
				CLANG_ENABLE_MODULES = YES;
				FRAMEWORK_SEARCH_PATHS = (
					"$(inherited)",
					"$(PROJECT_DIR)",
				);
				INFOPLIST_FILE = FitFriends/Info.plist;
				LD_RUNPATH_SEARCH_PATHS = "$(inherited) @executable_path/Frameworks";
				PRODUCT_NAME = "$(TARGET_NAME)";
				SWIFT_OBJC_BRIDGING_HEADER = "FitFriends/FitFriends-Bridging-Header.h";
			};
			name = Release;
		};
		DC7F4F151A182F040070D7E5 /* Debug */ = {
			isa = XCBuildConfiguration;
			buildSettings = {
				BUNDLE_LOADER = "$(TEST_HOST)";
				FRAMEWORK_SEARCH_PATHS = (
					"$(SDKROOT)/Developer/Library/Frameworks",
					"$(inherited)",
				);
				GCC_PREPROCESSOR_DEFINITIONS = (
					"DEBUG=1",
					"$(inherited)",
				);
				INFOPLIST_FILE = FitFriendsTests/Info.plist;
				LD_RUNPATH_SEARCH_PATHS = "$(inherited) @executable_path/Frameworks @loader_path/Frameworks";
				PRODUCT_NAME = "$(TARGET_NAME)";
				TEST_HOST = "$(BUILT_PRODUCTS_DIR)/FitFriends.app/FitFriends";
			};
			name = Debug;
		};
		DC7F4F161A182F040070D7E5 /* Release */ = {
			isa = XCBuildConfiguration;
			buildSettings = {
				BUNDLE_LOADER = "$(TEST_HOST)";
				FRAMEWORK_SEARCH_PATHS = (
					"$(SDKROOT)/Developer/Library/Frameworks",
					"$(inherited)",
				);
				INFOPLIST_FILE = FitFriendsTests/Info.plist;
				LD_RUNPATH_SEARCH_PATHS = "$(inherited) @executable_path/Frameworks @loader_path/Frameworks";
				PRODUCT_NAME = "$(TARGET_NAME)";
				TEST_HOST = "$(BUILT_PRODUCTS_DIR)/FitFriends.app/FitFriends";
			};
			name = Release;
		};
/* End XCBuildConfiguration section */

/* Begin XCConfigurationList section */
		DC7F4EED1A182F040070D7E5 /* Build configuration list for PBXProject "FitFriends" */ = {
			isa = XCConfigurationList;
			buildConfigurations = (
				DC7F4F0F1A182F040070D7E5 /* Debug */,
				DC7F4F101A182F040070D7E5 /* Release */,
			);
			defaultConfigurationIsVisible = 0;
			defaultConfigurationName = Release;
		};
		DC7F4F111A182F040070D7E5 /* Build configuration list for PBXNativeTarget "FitFriends" */ = {
			isa = XCConfigurationList;
			buildConfigurations = (
				DC7F4F121A182F040070D7E5 /* Debug */,
				DC7F4F131A182F040070D7E5 /* Release */,
			);
			defaultConfigurationIsVisible = 0;
			defaultConfigurationName = Release;
		};
		DC7F4F141A182F040070D7E5 /* Build configuration list for PBXNativeTarget "FitFriendsTests" */ = {
			isa = XCConfigurationList;
			buildConfigurations = (
				DC7F4F151A182F040070D7E5 /* Debug */,
				DC7F4F161A182F040070D7E5 /* Release */,
			);
			defaultConfigurationIsVisible = 0;
			defaultConfigurationName = Release;
		};
/* End XCConfigurationList section */
	};
	rootObject = DC7F4EEA1A182F040070D7E5 /* Project object */;
}
